// !$*UTF8*$!
{
	archiveVersion = 1;
	classes = {
	};
	objectVersion = 50;
	objects = {

/* Begin PBXBuildFile section */
		1823BF482482AA1200FAB7B4 /* DatabaseController.swift in Sources */ = {isa = PBXBuildFile; fileRef = 1823BF472482AA1200FAB7B4 /* DatabaseController.swift */; };
		1823BF4D2482AB8600FAB7B4 /* FoodMenu+CoreDataClass.swift in Sources */ = {isa = PBXBuildFile; fileRef = 1823BF492482AB8600FAB7B4 /* FoodMenu+CoreDataClass.swift */; };
		1823BF4E2482AB8600FAB7B4 /* FoodMenu+CoreDataProperties.swift in Sources */ = {isa = PBXBuildFile; fileRef = 1823BF4A2482AB8600FAB7B4 /* FoodMenu+CoreDataProperties.swift */; };
		1823BF4F2482AB8600FAB7B4 /* Customer+CoreDataClass.swift in Sources */ = {isa = PBXBuildFile; fileRef = 1823BF4B2482AB8600FAB7B4 /* Customer+CoreDataClass.swift */; };
		1823BF502482AB8600FAB7B4 /* Customer+CoreDataProperties.swift in Sources */ = {isa = PBXBuildFile; fileRef = 1823BF4C2482AB8600FAB7B4 /* Customer+CoreDataProperties.swift */; };
		1823BF522482B1D300FAB7B4 /* MenuDetail.json in Resources */ = {isa = PBXBuildFile; fileRef = 1823BF512482B1D200FAB7B4 /* MenuDetail.json */; };
		1823BF542482B29F00FAB7B4 /* MenuStruct.swift in Sources */ = {isa = PBXBuildFile; fileRef = 1823BF532482B29F00FAB7B4 /* MenuStruct.swift */; };
		1823BF562482C0FC00FAB7B4 /* CustomTableViewCell.swift in Sources */ = {isa = PBXBuildFile; fileRef = 1823BF552482C0FC00FAB7B4 /* CustomTableViewCell.swift */; };
		189A8443248417790095B97C /* HistoryTableViewCell.swift in Sources */ = {isa = PBXBuildFile; fileRef = 189A8442248417790095B97C /* HistoryTableViewCell.swift */; };
		18DABE8E2482CC3400BE1202 /* foodTableViewController.swift in Sources */ = {isa = PBXBuildFile; fileRef = 18DABE8D2482CC3400BE1202 /* foodTableViewController.swift */; };
		18DABE902482E3EF00BE1202 /* OrderViewController.swift in Sources */ = {isa = PBXBuildFile; fileRef = 18DABE8F2482E3EF00BE1202 /* OrderViewController.swift */; };
		18DABE932482FE8400BE1202 /* Reward+CoreDataClass.swift in Sources */ = {isa = PBXBuildFile; fileRef = 18DABE912482FE8400BE1202 /* Reward+CoreDataClass.swift */; };
		18DABE942482FE8400BE1202 /* Reward+CoreDataProperties.swift in Sources */ = {isa = PBXBuildFile; fileRef = 18DABE922482FE8400BE1202 /* Reward+CoreDataProperties.swift */; };
		18E5FE3324832684005DAB7A /* OrderData+CoreDataClass.swift in Sources */ = {isa = PBXBuildFile; fileRef = 18E5FE3124832684005DAB7A /* OrderData+CoreDataClass.swift */; };
		18E5FE3424832684005DAB7A /* OrderData+CoreDataProperties.swift in Sources */ = {isa = PBXBuildFile; fileRef = 18E5FE3224832684005DAB7A /* OrderData+CoreDataProperties.swift */; };
		18F2FAEF2481C09900F12969 /* AppDelegate.swift in Sources */ = {isa = PBXBuildFile; fileRef = 18F2FAEE2481C09900F12969 /* AppDelegate.swift */; };
		18F2FAF12481C09900F12969 /* ViewController.swift in Sources */ = {isa = PBXBuildFile; fileRef = 18F2FAF02481C09900F12969 /* ViewController.swift */; };
		18F2FAF42481C09900F12969 /* Main.storyboard in Resources */ = {isa = PBXBuildFile; fileRef = 18F2FAF22481C09900F12969 /* Main.storyboard */; };
		18F2FAF72481C09900F12969 /* foodDelivery.xcdatamodeld in Sources */ = {isa = PBXBuildFile; fileRef = 18F2FAF52481C09900F12969 /* foodDelivery.xcdatamodeld */; };
		18F2FAF92481C09A00F12969 /* Assets.xcassets in Resources */ = {isa = PBXBuildFile; fileRef = 18F2FAF82481C09A00F12969 /* Assets.xcassets */; };
		18F2FAFC2481C09A00F12969 /* LaunchScreen.storyboard in Resources */ = {isa = PBXBuildFile; fileRef = 18F2FAFA2481C09A00F12969 /* LaunchScreen.storyboard */; };
		18F2FB042481C0F400F12969 /* signUpViewController.swift in Sources */ = {isa = PBXBuildFile; fileRef = 18F2FB032481C0F400F12969 /* signUpViewController.swift */; };
		18F2FB082481C11600F12969 /* orderHistoryViewController.swift in Sources */ = {isa = PBXBuildFile; fileRef = 18F2FB072481C11600F12969 /* orderHistoryViewController.swift */; };
		18F2FB0A2481C16900F12969 /* receiptViewController.swift in Sources */ = {isa = PBXBuildFile; fileRef = 18F2FB092481C16900F12969 /* receiptViewController.swift */; };
/* End PBXBuildFile section */

/* Begin PBXFileReference section */
		1823BF472482AA1200FAB7B4 /* DatabaseController.swift */ = {isa = PBXFileReference; lastKnownFileType = sourcecode.swift; path = DatabaseController.swift; sourceTree = "<group>"; };
		1823BF492482AB8600FAB7B4 /* FoodMenu+CoreDataClass.swift */ = {isa = PBXFileReference; lastKnownFileType = sourcecode.swift; path = "FoodMenu+CoreDataClass.swift"; sourceTree = "<group>"; };
		1823BF4A2482AB8600FAB7B4 /* FoodMenu+CoreDataProperties.swift */ = {isa = PBXFileReference; lastKnownFileType = sourcecode.swift; path = "FoodMenu+CoreDataProperties.swift"; sourceTree = "<group>"; };
		1823BF4B2482AB8600FAB7B4 /* Customer+CoreDataClass.swift */ = {isa = PBXFileReference; lastKnownFileType = sourcecode.swift; path = "Customer+CoreDataClass.swift"; sourceTree = "<group>"; };
		1823BF4C2482AB8600FAB7B4 /* Customer+CoreDataProperties.swift */ = {isa = PBXFileReference; lastKnownFileType = sourcecode.swift; path = "Customer+CoreDataProperties.swift"; sourceTree = "<group>"; };
		1823BF512482B1D200FAB7B4 /* MenuDetail.json */ = {isa = PBXFileReference; fileEncoding = 4; lastKnownFileType = text.json; path = MenuDetail.json; sourceTree = "<group>"; };
		1823BF532482B29F00FAB7B4 /* MenuStruct.swift */ = {isa = PBXFileReference; lastKnownFileType = sourcecode.swift; path = MenuStruct.swift; sourceTree = "<group>"; };
		1823BF552482C0FC00FAB7B4 /* CustomTableViewCell.swift */ = {isa = PBXFileReference; lastKnownFileType = sourcecode.swift; path = CustomTableViewCell.swift; sourceTree = "<group>"; };
		189A8442248417790095B97C /* HistoryTableViewCell.swift */ = {isa = PBXFileReference; lastKnownFileType = sourcecode.swift; path = HistoryTableViewCell.swift; sourceTree = "<group>"; };
		18DABE8D2482CC3400BE1202 /* foodTableViewController.swift */ = {isa = PBXFileReference; lastKnownFileType = sourcecode.swift; path = foodTableViewController.swift; sourceTree = "<group>"; };
		18DABE8F2482E3EF00BE1202 /* OrderViewController.swift */ = {isa = PBXFileReference; lastKnownFileType = sourcecode.swift; path = OrderViewController.swift; sourceTree = "<group>"; };
		18DABE912482FE8400BE1202 /* Reward+CoreDataClass.swift */ = {isa = PBXFileReference; lastKnownFileType = sourcecode.swift; path = "Reward+CoreDataClass.swift"; sourceTree = "<group>"; };
		18DABE922482FE8400BE1202 /* Reward+CoreDataProperties.swift */ = {isa = PBXFileReference; lastKnownFileType = sourcecode.swift; path = "Reward+CoreDataProperties.swift"; sourceTree = "<group>"; };
		18E5FE3124832684005DAB7A /* OrderData+CoreDataClass.swift */ = {isa = PBXFileReference; lastKnownFileType = sourcecode.swift; path = "OrderData+CoreDataClass.swift"; sourceTree = "<group>"; };
		18E5FE3224832684005DAB7A /* OrderData+CoreDataProperties.swift */ = {isa = PBXFileReference; lastKnownFileType = sourcecode.swift; path = "OrderData+CoreDataProperties.swift"; sourceTree = "<group>"; };
		18F2FAEB2481C09900F12969 /* foodDelivery.app */ = {isa = PBXFileReference; explicitFileType = wrapper.application; includeInIndex = 0; path = foodDelivery.app; sourceTree = BUILT_PRODUCTS_DIR; };
		18F2FAEE2481C09900F12969 /* AppDelegate.swift */ = {isa = PBXFileReference; lastKnownFileType = sourcecode.swift; path = AppDelegate.swift; sourceTree = "<group>"; };
		18F2FAF02481C09900F12969 /* ViewController.swift */ = {isa = PBXFileReference; lastKnownFileType = sourcecode.swift; path = ViewController.swift; sourceTree = "<group>"; };
		18F2FAF32481C09900F12969 /* Base */ = {isa = PBXFileReference; lastKnownFileType = file.storyboard; name = Base; path = Base.lproj/Main.storyboard; sourceTree = "<group>"; };
		18F2FAF62481C09900F12969 /* foodDelivery.xcdatamodel */ = {isa = PBXFileReference; lastKnownFileType = wrapper.xcdatamodel; path = foodDelivery.xcdatamodel; sourceTree = "<group>"; };
		18F2FAF82481C09A00F12969 /* Assets.xcassets */ = {isa = PBXFileReference; lastKnownFileType = folder.assetcatalog; path = Assets.xcassets; sourceTree = "<group>"; };
		18F2FAFB2481C09A00F12969 /* Base */ = {isa = PBXFileReference; lastKnownFileType = file.storyboard; name = Base; path = Base.lproj/LaunchScreen.storyboard; sourceTree = "<group>"; };
		18F2FAFD2481C09A00F12969 /* Info.plist */ = {isa = PBXFileReference; lastKnownFileType = text.plist.xml; path = Info.plist; sourceTree = "<group>"; };
		18F2FB032481C0F400F12969 /* signUpViewController.swift */ = {isa = PBXFileReference; lastKnownFileType = sourcecode.swift; path = signUpViewController.swift; sourceTree = "<group>"; };
		18F2FB072481C11600F12969 /* orderHistoryViewController.swift */ = {isa = PBXFileReference; lastKnownFileType = sourcecode.swift; path = orderHistoryViewController.swift; sourceTree = "<group>"; };
		18F2FB092481C16900F12969 /* receiptViewController.swift */ = {isa = PBXFileReference; lastKnownFileType = sourcecode.swift; path = receiptViewController.swift; sourceTree = "<group>"; };
/* End PBXFileReference section */

/* Begin PBXFrameworksBuildPhase section */
		18F2FAE82481C09900F12969 /* Frameworks */ = {
			isa = PBXFrameworksBuildPhase;
			buildActionMask = 2147483647;
			files = (
			);
			runOnlyForDeploymentPostprocessing = 0;
		};
/* End PBXFrameworksBuildPhase section */

/* Begin PBXGroup section */
		18038A4C24846EBE001A6246 /* Frameworks */ = {
			isa = PBXGroup;
			children = (
			);
			name = Frameworks;
			sourceTree = "<group>";
		};
		18DABE9524830F7500BE1202 /* View */ = {
			isa = PBXGroup;
			children = (
				18F2FB072481C11600F12969 /* orderHistoryViewController.swift */,
				18F2FB032481C0F400F12969 /* signUpViewController.swift */,
				18DABE8F2482E3EF00BE1202 /* OrderViewController.swift */,
				18F2FAF02481C09900F12969 /* ViewController.swift */,
				18F2FB092481C16900F12969 /* receiptViewController.swift */,
				18DABE8D2482CC3400BE1202 /* foodTableViewController.swift */,
			);
			path = View;
			sourceTree = "<group>";
		};
		18DABE9624830FFA00BE1202 /* Database Controler */ = {
			isa = PBXGroup;
			children = (
				1823BF472482AA1200FAB7B4 /* DatabaseController.swift */,
			);
			path = "Database Controler";
			sourceTree = "<group>";
		};
		18F2FAE22481C09900F12969 = {
			isa = PBXGroup;
			children = (
				18E5FE3124832684005DAB7A /* OrderData+CoreDataClass.swift */,
				18E5FE3224832684005DAB7A /* OrderData+CoreDataProperties.swift */,
				18DABE912482FE8400BE1202 /* Reward+CoreDataClass.swift */,
				18DABE922482FE8400BE1202 /* Reward+CoreDataProperties.swift */,
				1823BF492482AB8600FAB7B4 /* FoodMenu+CoreDataClass.swift */,
				1823BF4A2482AB8600FAB7B4 /* FoodMenu+CoreDataProperties.swift */,
				1823BF4B2482AB8600FAB7B4 /* Customer+CoreDataClass.swift */,
				1823BF4C2482AB8600FAB7B4 /* Customer+CoreDataProperties.swift */,
				18F2FAED2481C09900F12969 /* foodDelivery */,
				18F2FAEC2481C09900F12969 /* Products */,
				18038A4C24846EBE001A6246 /* Frameworks */,
			);
			sourceTree = "<group>";
		};
		18F2FAEC2481C09900F12969 /* Products */ = {
			isa = PBXGroup;
			children = (
				18F2FAEB2481C09900F12969 /* foodDelivery.app */,
			);
			name = Products;
			sourceTree = "<group>";
		};
		18F2FAED2481C09900F12969 /* foodDelivery */ = {
			isa = PBXGroup;
			children = (
				18F2FAEE2481C09900F12969 /* AppDelegate.swift */,
				18F2FAF22481C09900F12969 /* Main.storyboard */,
				189A8442248417790095B97C /* HistoryTableViewCell.swift */,
				18DABE9524830F7500BE1202 /* View */,
				1823BF552482C0FC00FAB7B4 /* CustomTableViewCell.swift */,
				18DABE9624830FFA00BE1202 /* Database Controler */,
				1823BF512482B1D200FAB7B4 /* MenuDetail.json */,
				18F2FAF82481C09A00F12969 /* Assets.xcassets */,
				18F2FAFA2481C09A00F12969 /* LaunchScreen.storyboard */,
				18F2FAFD2481C09A00F12969 /* Info.plist */,
				18F2FAF52481C09900F12969 /* foodDelivery.xcdatamodeld */,
				1823BF532482B29F00FAB7B4 /* MenuStruct.swift */,
			);
			path = foodDelivery;
			sourceTree = "<group>";
		};
/* End PBXGroup section */

/* Begin PBXNativeTarget section */
		18F2FAEA2481C09900F12969 /* foodDelivery */ = {
			isa = PBXNativeTarget;
			buildConfigurationList = 18F2FB002481C09A00F12969 /* Build configuration list for PBXNativeTarget "foodDelivery" */;
			buildPhases = (
				18F2FAE72481C09900F12969 /* Sources */,
				18F2FAE82481C09900F12969 /* Frameworks */,
				18F2FAE92481C09900F12969 /* Resources */,
			);
			buildRules = (
			);
			dependencies = (
			);
			name = foodDelivery;
			productName = foodDelivery;
			productReference = 18F2FAEB2481C09900F12969 /* foodDelivery.app */;
			productType = "com.apple.product-type.application";
		};
/* End PBXNativeTarget section */

/* Begin PBXProject section */
		18F2FAE32481C09900F12969 /* Project object */ = {
			isa = PBXProject;
			attributes = {
				LastSwiftUpdateCheck = 1020;
				LastUpgradeCheck = 1020;
				ORGANIZATIONNAME = varun;
				TargetAttributes = {
					18F2FAEA2481C09900F12969 = {
						CreatedOnToolsVersion = 10.2;
						SystemCapabilities = {
							com.apple.BackgroundModes = {
								enabled = 1;
							};
							com.apple.Maps.iOS = {
								enabled = 0;
							};
						};
					};
				};
			};
			buildConfigurationList = 18F2FAE62481C09900F12969 /* Build configuration list for PBXProject "foodDelivery" */;
			compatibilityVersion = "Xcode 9.3";
			developmentRegion = en;
			hasScannedForEncodings = 0;
			knownRegions = (
				en,
				Base,
			);
			mainGroup = 18F2FAE22481C09900F12969;
			productRefGroup = 18F2FAEC2481C09900F12969 /* Products */;
			projectDirPath = "";
			projectRoot = "";
			targets = (
				18F2FAEA2481C09900F12969 /* foodDelivery */,
			);
		};
/* End PBXProject section */

/* Begin PBXResourcesBuildPhase section */
		18F2FAE92481C09900F12969 /* Resources */ = {
			isa = PBXResourcesBuildPhase;
			buildActionMask = 2147483647;
			files = (
				18F2FAFC2481C09A00F12969 /* LaunchScreen.storyboard in Resources */,
				18F2FAF92481C09A00F12969 /* Assets.xcassets in Resources */,
				18F2FAF42481C09900F12969 /* Main.storyboard in Resources */,
				1823BF522482B1D300FAB7B4 /* MenuDetail.json in Resources */,
			);
			runOnlyForDeploymentPostprocessing = 0;
		};
/* End PBXResourcesBuildPhase section */

/* Begin PBXSourcesBuildPhase section */
		18F2FAE72481C09900F12969 /* Sources */ = {
			isa = PBXSourcesBuildPhase;
			buildActionMask = 2147483647;
			files = (
				18F2FB082481C11600F12969 /* orderHistoryViewController.swift in Sources */,
				18F2FAF12481C09900F12969 /* ViewController.swift in Sources */,
				18F2FB0A2481C16900F12969 /* receiptViewController.swift in Sources */,
				18DABE8E2482CC3400BE1202 /* foodTableViewController.swift in Sources */,
				18E5FE3424832684005DAB7A /* OrderData+CoreDataProperties.swift in Sources */,
				18F2FAEF2481C09900F12969 /* AppDelegate.swift in Sources */,
				1823BF4F2482AB8600FAB7B4 /* Customer+CoreDataClass.swift in Sources */,
				18E5FE3324832684005DAB7A /* OrderData+CoreDataClass.swift in Sources */,
				1823BF542482B29F00FAB7B4 /* MenuStruct.swift in Sources */,
				1823BF4E2482AB8600FAB7B4 /* FoodMenu+CoreDataProperties.swift in Sources */,
				1823BF4D2482AB8600FAB7B4 /* FoodMenu+CoreDataClass.swift in Sources */,
				1823BF482482AA1200FAB7B4 /* DatabaseController.swift in Sources */,
				1823BF562482C0FC00FAB7B4 /* CustomTableViewCell.swift in Sources */,
				18DABE942482FE8400BE1202 /* Reward+CoreDataProperties.swift in Sources */,
				189A8443248417790095B97C /* HistoryTableViewCell.swift in Sources */,
				18DABE902482E3EF00BE1202 /* OrderViewController.swift in Sources */,
				18F2FB042481C0F400F12969 /* signUpViewController.swift in Sources */,
				18F2FAF72481C09900F12969 /* foodDelivery.xcdatamodeld in Sources */,
				18DABE932482FE8400BE1202 /* Reward+CoreDataClass.swift in Sources */,
				1823BF502482AB8600FAB7B4 /* Customer+CoreDataProperties.swift in Sources */,
			);
			runOnlyForDeploymentPostprocessing = 0;
		};
/* End PBXSourcesBuildPhase section */

/* Begin PBXVariantGroup section */
		18F2FAF22481C09900F12969 /* Main.storyboard */ = {
			isa = PBXVariantGroup;
			children = (
				18F2FAF32481C09900F12969 /* Base */,
			);
			name = Main.storyboard;
			sourceTree = "<group>";
		};
		18F2FAFA2481C09A00F12969 /* LaunchScreen.storyboard */ = {
			isa = PBXVariantGroup;
			children = (
				18F2FAFB2481C09A00F12969 /* Base */,
			);
			name = LaunchScreen.storyboard;
			sourceTree = "<group>";
		};
/* End PBXVariantGroup section */

/* Begin XCBuildConfiguration section */
		18F2FAFE2481C09A00F12969 /* Debug */ = {
			isa = XCBuildConfiguration;
			buildSettings = {
				ALWAYS_SEARCH_USER_PATHS = NO;
				CLANG_ANALYZER_NONNULL = YES;
				CLANG_ANALYZER_NUMBER_OBJECT_CONVERSION = YES_AGGRESSIVE;
				CLANG_CXX_LANGUAGE_STANDARD = "gnu++14";
				CLANG_CXX_LIBRARY = "libc++";
				CLANG_ENABLE_MODULES = YES;
				CLANG_ENABLE_OBJC_ARC = YES;
				CLANG_ENABLE_OBJC_WEAK = YES;
				CLANG_WARN_BLOCK_CAPTURE_AUTORELEASING = YES;
				CLANG_WARN_BOOL_CONVERSION = YES;
				CLANG_WARN_COMMA = YES;
				CLANG_WARN_CONSTANT_CONVERSION = YES;
				CLANG_WARN_DEPRECATED_OBJC_IMPLEMENTATIONS = YES;
				CLANG_WARN_DIRECT_OBJC_ISA_USAGE = YES_ERROR;
				CLANG_WARN_DOCUMENTATION_COMMENTS = YES;
				CLANG_WARN_EMPTY_BODY = YES;
				CLANG_WARN_ENUM_CONVERSION = YES;
				CLANG_WARN_INFINITE_RECURSION = YES;
				CLANG_WARN_INT_CONVERSION = YES;
				CLANG_WARN_NON_LITERAL_NULL_CONVERSION = YES;
				CLANG_WARN_OBJC_IMPLICIT_RETAIN_SELF = YES;
				CLANG_WARN_OBJC_LITERAL_CONVERSION = YES;
				CLANG_WARN_OBJC_ROOT_CLASS = YES_ERROR;
				CLANG_WARN_RANGE_LOOP_ANALYSIS = YES;
				CLANG_WARN_STRICT_PROTOTYPES = YES;
				CLANG_WARN_SUSPICIOUS_MOVE = YES;
				CLANG_WARN_UNGUARDED_AVAILABILITY = YES_AGGRESSIVE;
				CLANG_WARN_UNREACHABLE_CODE = YES;
				CLANG_WARN__DUPLICATE_METHOD_MATCH = YES;
				CODE_SIGN_IDENTITY = "iPhone Developer";
				COPY_PHASE_STRIP = NO;
				DEBUG_INFORMATION_FORMAT = dwarf;
				ENABLE_STRICT_OBJC_MSGSEND = YES;
				ENABLE_TESTABILITY = YES;
				GCC_C_LANGUAGE_STANDARD = gnu11;
				GCC_DYNAMIC_NO_PIC = NO;
				GCC_NO_COMMON_BLOCKS = YES;
				GCC_OPTIMIZATION_LEVEL = 0;
				GCC_PREPROCESSOR_DEFINITIONS = (
					"DEBUG=1",
					"$(inherited)",
				);
				GCC_WARN_64_TO_32_BIT_CONVERSION = YES;
				GCC_WARN_ABOUT_RETURN_TYPE = YES_ERROR;
				GCC_WARN_UNDECLARED_SELECTOR = YES;
				GCC_WARN_UNINITIALIZED_AUTOS = YES_AGGRESSIVE;
				GCC_WARN_UNUSED_FUNCTION = YES;
				GCC_WARN_UNUSED_VARIABLE = YES;
				IPHONEOS_DEPLOYMENT_TARGET = 12.2;
				MTL_ENABLE_DEBUG_INFO = INCLUDE_SOURCE;
				MTL_FAST_MATH = YES;
				ONLY_ACTIVE_ARCH = YES;
				SDKROOT = iphoneos;
				SWIFT_ACTIVE_COMPILATION_CONDITIONS = DEBUG;
				SWIFT_OPTIMIZATION_LEVEL = "-Onone";
			};
			name = Debug;
		};
		18F2FAFF2481C09A00F12969 /* Release */ = {
			isa = XCBuildConfiguration;
			buildSettings = {
				ALWAYS_SEARCH_USER_PATHS = NO;
				CLANG_ANALYZER_NONNULL = YES;
				CLANG_ANALYZER_NUMBER_OBJECT_CONVERSION = YES_AGGRESSIVE;
				CLANG_CXX_LANGUAGE_STANDARD = "gnu++14";
				CLANG_CXX_LIBRARY = "libc++";
				CLANG_ENABLE_MODULES = YES;
				CLANG_ENABLE_OBJC_ARC = YES;
				CLANG_ENABLE_OBJC_WEAK = YES;
				CLANG_WARN_BLOCK_CAPTURE_AUTORELEASING = YES;
				CLANG_WARN_BOOL_CONVERSION = YES;
				CLANG_WARN_COMMA = YES;
				CLANG_WARN_CONSTANT_CONVERSION = YES;
				CLANG_WARN_DEPRECATED_OBJC_IMPLEMENTATIONS = YES;
				CLANG_WARN_DIRECT_OBJC_ISA_USAGE = YES_ERROR;
				CLANG_WARN_DOCUMENTATION_COMMENTS = YES;
				CLANG_WARN_EMPTY_BODY = YES;
				CLANG_WARN_ENUM_CONVERSION = YES;
				CLANG_WARN_INFINITE_RECURSION = YES;
				CLANG_WARN_INT_CONVERSION = YES;
				CLANG_WARN_NON_LITERAL_NULL_CONVERSION = YES;
				CLANG_WARN_OBJC_IMPLICIT_RETAIN_SELF = YES;
				CLANG_WARN_OBJC_LITERAL_CONVERSION = YES;
				CLANG_WARN_OBJC_ROOT_CLASS = YES_ERROR;
				CLANG_WARN_RANGE_LOOP_ANALYSIS = YES;
				CLANG_WARN_STRICT_PROTOTYPES = YES;
				CLANG_WARN_SUSPICIOUS_MOVE = YES;
				CLANG_WARN_UNGUARDED_AVAILABILITY = YES_AGGRESSIVE;
				CLANG_WARN_UNREACHABLE_CODE = YES;
				CLANG_WARN__DUPLICATE_METHOD_MATCH = YES;
				CODE_SIGN_IDENTITY = "iPhone Developer";
				COPY_PHASE_STRIP = NO;
				DEBUG_INFORMATION_FORMAT = "dwarf-with-dsym";
				ENABLE_NS_ASSERTIONS = NO;
				ENABLE_STRICT_OBJC_MSGSEND = YES;
				GCC_C_LANGUAGE_STANDARD = gnu11;
				GCC_NO_COMMON_BLOCKS = YES;
				GCC_WARN_64_TO_32_BIT_CONVERSION = YES;
				GCC_WARN_ABOUT_RETURN_TYPE = YES_ERROR;
				GCC_WARN_UNDECLARED_SELECTOR = YES;
				GCC_WARN_UNINITIALIZED_AUTOS = YES_AGGRESSIVE;
				GCC_WARN_UNUSED_FUNCTION = YES;
				GCC_WARN_UNUSED_VARIABLE = YES;
				IPHONEOS_DEPLOYMENT_TARGET = 12.2;
				MTL_ENABLE_DEBUG_INFO = NO;
				MTL_FAST_MATH = YES;
				SDKROOT = iphoneos;
				SWIFT_COMPILATION_MODE = wholemodule;
				SWIFT_OPTIMIZATION_LEVEL = "-O";
				VALIDATE_PRODUCT = YES;
			};
			name = Release;
		};
		18F2FB012481C09A00F12969 /* Debug */ = {
			isa = XCBuildConfiguration;
			buildSettings = {
				ASSETCATALOG_COMPILER_APPICON_NAME = AppIcon;
				CODE_SIGN_STYLE = Automatic;
				DEVELOPMENT_TEAM = KHV38WQA8W;
				INFOPLIST_FILE = foodDelivery/Info.plist;
				LD_RUNPATH_SEARCH_PATHS = (
					"$(inherited)",
					"@executable_path/Frameworks",
				);
				PRODUCT_BUNDLE_IDENTIFIER = com.varun.foodDelivery;
				PRODUCT_NAME = "$(TARGET_NAME)";
				SWIFT_VERSION = 5.0;
				TARGETED_DEVICE_FAMILY = "1,2";
			};
			name = Debug;
		};
		18F2FB022481C09A00F12969 /* Release */ = {
			isa = XCBuildConfiguration;
			buildSettings = {
				ASSETCATALOG_COMPILER_APPICON_NAME = AppIcon;
				CODE_SIGN_STYLE = Automatic;
				DEVELOPMENT_TEAM = KHV38WQA8W;
				INFOPLIST_FILE = foodDelivery/Info.plist;
				LD_RUNPATH_SEARCH_PATHS = (
					"$(inherited)",
					"@executable_path/Frameworks",
				);
				PRODUCT_BUNDLE_IDENTIFIER = com.varun.foodDelivery;
				PRODUCT_NAME = "$(TARGET_NAME)";
				SWIFT_VERSION = 5.0;
				TARGETED_DEVICE_FAMILY = "1,2";
			};
			name = Release;
		};
/* End XCBuildConfiguration section */

/* Begin XCConfigurationList section */
		18F2FAE62481C09900F12969 /* Build configuration list for PBXProject "foodDelivery" */ = {
			isa = XCConfigurationList;
			buildConfigurations = (
				18F2FAFE2481C09A00F12969 /* Debug */,
				18F2FAFF2481C09A00F12969 /* Release */,
			);
			defaultConfigurationIsVisible = 0;
			defaultConfigurationName = Release;
		};
		18F2FB002481C09A00F12969 /* Build configuration list for PBXNativeTarget "foodDelivery" */ = {
			isa = XCConfigurationList;
			buildConfigurations = (
				18F2FB012481C09A00F12969 /* Debug */,
				18F2FB022481C09A00F12969 /* Release */,
			);
			defaultConfigurationIsVisible = 0;
			defaultConfigurationName = Release;
		};
/* End XCConfigurationList section */

/* Begin XCVersionGroup section */
		18F2FAF52481C09900F12969 /* foodDelivery.xcdatamodeld */ = {
			isa = XCVersionGroup;
			children = (
				18F2FAF62481C09900F12969 /* foodDelivery.xcdatamodel */,
			);
			currentVersion = 18F2FAF62481C09900F12969 /* foodDelivery.xcdatamodel */;
			path = foodDelivery.xcdatamodeld;
			sourceTree = "<group>";
			versionGroupType = wrapper.xcdatamodel;
		};
/* End XCVersionGroup section */
	};
	rootObject = 18F2FAE32481C09900F12969 /* Project object */;
}
